Microsoft Visual Studio Solution File, Format Version 12.00
# Visual Studio 15
VisualStudioVersion = 15.0.26430.14
MinimumVisualStudioVersion = 10.0.40219.1
Project("{FAE04EC0-301F-11D3-BF4B-00C04F79EFBC}") = "MessageMedia.Standard", "MessageMedia.Standard/MessageMedia.Standard.csproj", "{b0b80baf-d3ee-4a62-9c2d-ffe414be511f}"
EndProject
Project("{FAE04EC0-301F-11D3-BF4B-00C04F79EFBC}") = "MessageMedia.Tests", "MessageMedia.Tests/MessageMedia.Tests.csproj", "{3753c583-04b1-4910-ad87-eaf262bf4603}"
EndProject
Global
    GlobalSection(SolutionConfigurationPlatforms) = preSolution
        Debug|Any CPU = Debug|Any CPU
        Release|Any CPU = Release|Any CPU
    EndGlobalSection
    GlobalSection(ProjectConfigurationPlatforms) = postSolution
        {b0b80baf-d3ee-4a62-9c2d-ffe414be511f}.Debug|Any CPU.ActiveCfg = Debug|Any CPU
        {b0b80baf-d3ee-4a62-9c2d-ffe414be511f}.Debug|Any CPU.Build.0 = Debug|Any CPU
        {b0b80baf-d3ee-4a62-9c2d-ffe414be511f}.Release|Any CPU.ActiveCfg = Release|Any CPU
        {b0b80baf-d3ee-4a62-9c2d-ffe414be511f}.Release|Any CPU.Build.0 = Release|Any CPU
        {3753c583-04b1-4910-ad87-eaf262bf4603}.Debug|Any CPU.ActiveCfg = Debug|Any CPU
        {3753c583-04b1-4910-ad87-eaf262bf4603}.Debug|Any CPU.Build.0 = Debug|Any CPU
        {3753c583-04b1-4910-ad87-eaf262bf4603}.Release|Any CPU.ActiveCfg = Release|Any CPU
        {3753c583-04b1-4910-ad87-eaf262bf4603}.Release|Any CPU.Build.0 = Release|Any CPU
    EndGlobalSection
    GlobalSection(SolutionProperties) = preSolution
        HideSolutionNode = FALSE
    EndGlobalSection
EndGlobal
