Microsoft Visual Studio Solution File, Format Version 12.00
# Visual Studio 15
VisualStudioVersion = 15.0.26430.14
MinimumVisualStudioVersion = 10.0.40219.1
Project("{FAE04EC0-301F-11D3-BF4B-00C04F79EFBC}") = "MessageMedia.Standard", "MessageMedia.Standard/MessageMedia.Standard.csproj", "{7e42c8d6-4c6c-48d7-81e3-3d32cda5876d}"
EndProject
Project("{FAE04EC0-301F-11D3-BF4B-00C04F79EFBC}") = "MessageMedia.Tests", "MessageMedia.Tests/MessageMedia.Tests.csproj", "{abdf5621-75f0-4bf3-8da4-2ebf6ab31252}"
EndProject
Global
    GlobalSection(SolutionConfigurationPlatforms) = preSolution
        Debug|Any CPU = Debug|Any CPU
        Release|Any CPU = Release|Any CPU
    EndGlobalSection
    GlobalSection(ProjectConfigurationPlatforms) = postSolution
        {7e42c8d6-4c6c-48d7-81e3-3d32cda5876d}.Debug|Any CPU.ActiveCfg = Debug|Any CPU
        {7e42c8d6-4c6c-48d7-81e3-3d32cda5876d}.Debug|Any CPU.Build.0 = Debug|Any CPU
        {7e42c8d6-4c6c-48d7-81e3-3d32cda5876d}.Release|Any CPU.ActiveCfg = Release|Any CPU
        {7e42c8d6-4c6c-48d7-81e3-3d32cda5876d}.Release|Any CPU.Build.0 = Release|Any CPU
        {abdf5621-75f0-4bf3-8da4-2ebf6ab31252}.Debug|Any CPU.ActiveCfg = Debug|Any CPU
        {abdf5621-75f0-4bf3-8da4-2ebf6ab31252}.Debug|Any CPU.Build.0 = Debug|Any CPU
        {abdf5621-75f0-4bf3-8da4-2ebf6ab31252}.Release|Any CPU.ActiveCfg = Release|Any CPU
        {abdf5621-75f0-4bf3-8da4-2ebf6ab31252}.Release|Any CPU.Build.0 = Release|Any CPU
    EndGlobalSection
    GlobalSection(SolutionProperties) = preSolution
        HideSolutionNode = FALSE
    EndGlobalSection
EndGlobal
